{
  "name": "database",
  "version": "1.0.0",
  "lockfileVersion": 3,
  "requires": true,
  "packages": {
    "": {
      "name": "database",
      "version": "1.0.0",
      "license": "ISC",
      "dependencies": {
        "@electric-sql/pglite": "^0.5.7"
      }
    },
    "node_modules/@electric-sql/pglite": {
      "version": "0.5.7",
      "resolved": "https://registry.npmjs.org/@electric-sql/pglite/-/pglite-0.5.7.tgz",
      "integrity": "sha512-6WBks0NFO6YUhGP03mCNkbJuVFWwrZPrzZ/vsnAPnsCD28pybdZ+yoTrlLlWFoZst3kdaju5pxIslV/jrr36nQ==",
      "license": "Apache-2.0"
    }
  }
}
